
Microsoft Visual Studio Solution File, Format Version 12.00
# Visual Studio 14
VisualStudioVersion = 14.0.25029.0
MinimumVisualStudioVersion = 10.0.40219.1
Project("{2150E333-8FDC-42A3-9474-1A3956D46DE8}") = "Creational", "Creational", "{7397708F-628E-4CC7-AE83-E4A93BAFC7F8}"
EndProject
Project("{FAE04EC0-301F-11D3-BF4B-00C04F79EFBC}") = "Singleton", "Singleton\Singleton.csproj", "{5A99E027-A8C2-4B38-A845-AB8B65530F8C}"
EndProject
Project("{FAE04EC0-301F-11D3-BF4B-00C04F79EFBC}") = "FactoryMethod", "FactoryMethod\FactoryMethod.csproj", "{AAC15C09-8BB6-4CB7-993D-92AAB7AEED9D}"
EndProject
Project("{FAE04EC0-301F-11D3-BF4B-00C04F79EFBC}") = "AbstractFactory", "AbstractFactory\AbstractFactory.csproj", "{3805E8C0-407D-4761-9559-89318192ADAF}"
EndProject
Project("{FAE04EC0-301F-11D3-BF4B-00C04F79EFBC}") = "Builder", "Builder\Builder.csproj", "{D3FCFA51-49B5-4655-86EC-0DDC5F2D19F3}"
EndProject
Project("{FAE04EC0-301F-11D3-BF4B-00C04F79EFBC}") = "Helpers", "Helpers\Helpers.csproj", "{519F91FA-5067-4E94-A757-A6D00323E3BD}"
EndProject
Project("{2150E333-8FDC-42A3-9474-1A3956D46DE8}") = "Structural", "Structural", "{7AEE57F6-A11A-4274-B2EA-38EF0190058B}"
EndProject
Project("{2150E333-8FDC-42A3-9474-1A3956D46DE8}") = "Behavior", "Behavior", "{9F40D0B1-D233-4024-89FD-CC6495C98A71}"
EndProject
Project("{FAE04EC0-301F-11D3-BF4B-00C04F79EFBC}") = "Strategy", "Strategy\Strategy.csproj", "{B131AB51-48FC-4597-8761-D55016C06A3B}"
EndProject
Project("{FAE04EC0-301F-11D3-BF4B-00C04F79EFBC}") = "Decorator", "Decorator\Decorator.csproj", "{ACCB5A5A-CA53-45AA-8BD9-4A343A3B0E92}"
EndProject
Project("{FAE04EC0-301F-11D3-BF4B-00C04F79EFBC}") = "Adapter", "Adapter\Adapter.csproj", "{A8E345AC-D6EA-4FA7-AE1A-68A885927546}"
EndProject
Project("{FAE04EC0-301F-11D3-BF4B-00C04F79EFBC}") = "Bridge", "Bridge\Bridge.csproj", "{BD2D20B6-D84E-4A24-8225-6463B2686B88}"
EndProject
Project("{FAE04EC0-301F-11D3-BF4B-00C04F79EFBC}") = "Composite", "Composite\Composite.csproj", "{9E293D64-C8A2-4C16-A6C2-1A5A410ECCE7}"
EndProject
Global
	GlobalSection(SolutionConfigurationPlatforms) = preSolution
		Debug|Any CPU = Debug|Any CPU
		Release|Any CPU = Release|Any CPU
	EndGlobalSection
	GlobalSection(ProjectConfigurationPlatforms) = postSolution
		{5A99E027-A8C2-4B38-A845-AB8B65530F8C}.Debug|Any CPU.ActiveCfg = Debug|Any CPU
		{5A99E027-A8C2-4B38-A845-AB8B65530F8C}.Debug|Any CPU.Build.0 = Debug|Any CPU
		{5A99E027-A8C2-4B38-A845-AB8B65530F8C}.Release|Any CPU.ActiveCfg = Release|Any CPU
		{5A99E027-A8C2-4B38-A845-AB8B65530F8C}.Release|Any CPU.Build.0 = Release|Any CPU
		{AAC15C09-8BB6-4CB7-993D-92AAB7AEED9D}.Debug|Any CPU.ActiveCfg = Debug|Any CPU
		{AAC15C09-8BB6-4CB7-993D-92AAB7AEED9D}.Debug|Any CPU.Build.0 = Debug|Any CPU
		{AAC15C09-8BB6-4CB7-993D-92AAB7AEED9D}.Release|Any CPU.ActiveCfg = Release|Any CPU
		{AAC15C09-8BB6-4CB7-993D-92AAB7AEED9D}.Release|Any CPU.Build.0 = Release|Any CPU
		{3805E8C0-407D-4761-9559-89318192ADAF}.Debug|Any CPU.ActiveCfg = Debug|Any CPU
		{3805E8C0-407D-4761-9559-89318192ADAF}.Debug|Any CPU.Build.0 = Debug|Any CPU
		{3805E8C0-407D-4761-9559-89318192ADAF}.Release|Any CPU.ActiveCfg = Release|Any CPU
		{3805E8C0-407D-4761-9559-89318192ADAF}.Release|Any CPU.Build.0 = Release|Any CPU
		{D3FCFA51-49B5-4655-86EC-0DDC5F2D19F3}.Debug|Any CPU.ActiveCfg = Debug|Any CPU
		{D3FCFA51-49B5-4655-86EC-0DDC5F2D19F3}.Debug|Any CPU.Build.0 = Debug|Any CPU
		{D3FCFA51-49B5-4655-86EC-0DDC5F2D19F3}.Release|Any CPU.ActiveCfg = Release|Any CPU
		{D3FCFA51-49B5-4655-86EC-0DDC5F2D19F3}.Release|Any CPU.Build.0 = Release|Any CPU
		{519F91FA-5067-4E94-A757-A6D00323E3BD}.Debug|Any CPU.ActiveCfg = Debug|Any CPU
		{519F91FA-5067-4E94-A757-A6D00323E3BD}.Debug|Any CPU.Build.0 = Debug|Any CPU
		{519F91FA-5067-4E94-A757-A6D00323E3BD}.Release|Any CPU.ActiveCfg = Release|Any CPU
		{519F91FA-5067-4E94-A757-A6D00323E3BD}.Release|Any CPU.Build.0 = Release|Any CPU
		{B131AB51-48FC-4597-8761-D55016C06A3B}.Debug|Any CPU.ActiveCfg = Debug|Any CPU
		{B131AB51-48FC-4597-8761-D55016C06A3B}.Debug|Any CPU.Build.0 = Debug|Any CPU
		{B131AB51-48FC-4597-8761-D55016C06A3B}.Release|Any CPU.ActiveCfg = Release|Any CPU
		{B131AB51-48FC-4597-8761-D55016C06A3B}.Release|Any CPU.Build.0 = Release|Any CPU
		{ACCB5A5A-CA53-45AA-8BD9-4A343A3B0E92}.Debug|Any CPU.ActiveCfg = Debug|Any CPU
		{ACCB5A5A-CA53-45AA-8BD9-4A343A3B0E92}.Debug|Any CPU.Build.0 = Debug|Any CPU
		{ACCB5A5A-CA53-45AA-8BD9-4A343A3B0E92}.Release|Any CPU.ActiveCfg = Release|Any CPU
		{ACCB5A5A-CA53-45AA-8BD9-4A343A3B0E92}.Release|Any CPU.Build.0 = Release|Any CPU
		{A8E345AC-D6EA-4FA7-AE1A-68A885927546}.Debug|Any CPU.ActiveCfg = Debug|Any CPU
		{A8E345AC-D6EA-4FA7-AE1A-68A885927546}.Debug|Any CPU.Build.0 = Debug|Any CPU
		{A8E345AC-D6EA-4FA7-AE1A-68A885927546}.Release|Any CPU.ActiveCfg = Release|Any CPU
		{A8E345AC-D6EA-4FA7-AE1A-68A885927546}.Release|Any CPU.Build.0 = Release|Any CPU
		{BD2D20B6-D84E-4A24-8225-6463B2686B88}.Debug|Any CPU.ActiveCfg = Debug|Any CPU
		{BD2D20B6-D84E-4A24-8225-6463B2686B88}.Debug|Any CPU.Build.0 = Debug|Any CPU
		{BD2D20B6-D84E-4A24-8225-6463B2686B88}.Release|Any CPU.ActiveCfg = Release|Any CPU
		{BD2D20B6-D84E-4A24-8225-6463B2686B88}.Release|Any CPU.Build.0 = Release|Any CPU
		{9E293D64-C8A2-4C16-A6C2-1A5A410ECCE7}.Debug|Any CPU.ActiveCfg = Debug|Any CPU
		{9E293D64-C8A2-4C16-A6C2-1A5A410ECCE7}.Debug|Any CPU.Build.0 = Debug|Any CPU
		{9E293D64-C8A2-4C16-A6C2-1A5A410ECCE7}.Release|Any CPU.ActiveCfg = Release|Any CPU
		{9E293D64-C8A2-4C16-A6C2-1A5A410ECCE7}.Release|Any CPU.Build.0 = Release|Any CPU
	EndGlobalSection
	GlobalSection(SolutionProperties) = preSolution
		HideSolutionNode = FALSE
	EndGlobalSection
	GlobalSection(NestedProjects) = preSolution
		{5A99E027-A8C2-4B38-A845-AB8B65530F8C} = {7397708F-628E-4CC7-AE83-E4A93BAFC7F8}
		{AAC15C09-8BB6-4CB7-993D-92AAB7AEED9D} = {7397708F-628E-4CC7-AE83-E4A93BAFC7F8}
		{3805E8C0-407D-4761-9559-89318192ADAF} = {7397708F-628E-4CC7-AE83-E4A93BAFC7F8}
		{D3FCFA51-49B5-4655-86EC-0DDC5F2D19F3} = {7397708F-628E-4CC7-AE83-E4A93BAFC7F8}
		{B131AB51-48FC-4597-8761-D55016C06A3B} = {9F40D0B1-D233-4024-89FD-CC6495C98A71}
		{ACCB5A5A-CA53-45AA-8BD9-4A343A3B0E92} = {7AEE57F6-A11A-4274-B2EA-38EF0190058B}
		{A8E345AC-D6EA-4FA7-AE1A-68A885927546} = {7AEE57F6-A11A-4274-B2EA-38EF0190058B}
		{BD2D20B6-D84E-4A24-8225-6463B2686B88} = {7AEE57F6-A11A-4274-B2EA-38EF0190058B}
		{9E293D64-C8A2-4C16-A6C2-1A5A410ECCE7} = {7AEE57F6-A11A-4274-B2EA-38EF0190058B}
	EndGlobalSection
EndGlobal
